// !$*UTF8*$!
{
	archiveVersion = 1;
	classes = {
	};
	objectVersion = 56;
	objects = {

/* Begin PBXBuildFile section */
		8E3111992C33072700E1BB80 /* URLSessionDelegate.swift in Sources */ = {isa = PBXBuildFile; fileRef = 8E3111982C33072700E1BB80 /* URLSessionDelegate.swift */; };
		8E8E6CF62C106078007CAB56 /* AppDelegate.swift in Sources */ = {isa = PBXBuildFile; fileRef = 8E8E6CF52C106078007CAB56 /* AppDelegate.swift */; };
		8E8E6CF82C106078007CAB56 /* SceneDelegate.swift in Sources */ = {isa = PBXBuildFile; fileRef = 8E8E6CF72C106078007CAB56 /* SceneDelegate.swift */; };
		8E8E6CFA2C106078007CAB56 /* ViewController.swift in Sources */ = {isa = PBXBuildFile; fileRef = 8E8E6CF92C106078007CAB56 /* ViewController.swift */; };
		8E8E6CFD2C106078007CAB56 /* Base in Resources */ = {isa = PBXBuildFile; fileRef = 8E8E6CFC2C106078007CAB56 /* Base */; };
		8E8E6CFF2C10607A007CAB56 /* Assets.xcassets in Resources */ = {isa = PBXBuildFile; fileRef = 8E8E6CFE2C10607A007CAB56 /* Assets.xcassets */; };
		8E8E6D022C10607A007CAB56 /* Base in Resources */ = {isa = PBXBuildFile; fileRef = 8E8E6D012C10607A007CAB56 /* Base */; };
		8E8E6D0A2C1060CA007CAB56 /* .gitignore in Resources */ = {isa = PBXBuildFile; fileRef = 8E8E6D092C1060CA007CAB56 /* .gitignore */; };
		8E8E6D0C2C1060DF007CAB56 /* SecureApi.swift in Sources */ = {isa = PBXBuildFile; fileRef = 8E8E6D0B2C1060DF007CAB56 /* SecureApi.swift */; };
		8E8E6D0E2C10610C007CAB56 /* LottoViewController.swift in Sources */ = {isa = PBXBuildFile; fileRef = 8E8E6D0D2C10610C007CAB56 /* LottoViewController.swift */; };
		8E8E6D112C1310DC007CAB56 /* LottoView.swift in Sources */ = {isa = PBXBuildFile; fileRef = 8E8E6D102C1310DC007CAB56 /* LottoView.swift */; };
		8E8E6D132C13325B007CAB56 /* LottoModel.swift in Sources */ = {isa = PBXBuildFile; fileRef = 8E8E6D122C13325B007CAB56 /* LottoModel.swift */; };
		8E8E6D152C1332F4007CAB56 /* LottoApiManager.swift in Sources */ = {isa = PBXBuildFile; fileRef = 8E8E6D142C1332F4007CAB56 /* LottoApiManager.swift */; };
		8E8E6D182C13357E007CAB56 /* SnapKit in Frameworks */ = {isa = PBXBuildFile; productRef = 8E8E6D172C13357E007CAB56 /* SnapKit */; };
		8E8E6D1B2C13359A007CAB56 /* Alamofire in Frameworks */ = {isa = PBXBuildFile; productRef = 8E8E6D1A2C13359A007CAB56 /* Alamofire */; };
		8E8E6D1E2C1335B0007CAB56 /* Kingfisher in Frameworks */ = {isa = PBXBuildFile; productRef = 8E8E6D1D2C1335B0007CAB56 /* Kingfisher */; };
		8E8E6D212C15C5B5007CAB56 /* MovieViewController.swift in Sources */ = {isa = PBXBuildFile; fileRef = 8E8E6D202C15C5B5007CAB56 /* MovieViewController.swift */; };
		8E8E6D232C15C5BE007CAB56 /* MovieView.swift in Sources */ = {isa = PBXBuildFile; fileRef = 8E8E6D222C15C5BE007CAB56 /* MovieView.swift */; };
		8E8E6D252C15C5C8007CAB56 /* MovieApiManager.swift in Sources */ = {isa = PBXBuildFile; fileRef = 8E8E6D242C15C5C8007CAB56 /* MovieApiManager.swift */; };
		8E8E6D272C15C5CF007CAB56 /* MovieModel.swift in Sources */ = {isa = PBXBuildFile; fileRef = 8E8E6D262C15C5CF007CAB56 /* MovieModel.swift */; };
		8E8E6D292C15EEB1007CAB56 /* MovieTableViewCell.swift in Sources */ = {isa = PBXBuildFile; fileRef = 8E8E6D282C15EEB1007CAB56 /* MovieTableViewCell.swift */; };
		8E8E6D2C2C15EF43007CAB56 /* ViewIdentifier+Extension.swift in Sources */ = {isa = PBXBuildFile; fileRef = 8E8E6D2B2C15EF43007CAB56 /* ViewIdentifier+Extension.swift */; };
/* End PBXBuildFile section */

/* Begin PBXFileReference section */
		8E3111982C33072700E1BB80 /* URLSessionDelegate.swift */ = {isa = PBXFileReference; lastKnownFileType = sourcecode.swift; path = URLSessionDelegate.swift; sourceTree = "<group>"; };
		8E8E6CF22C106078007CAB56 /* CodeBasePractice.app */ = {isa = PBXFileReference; explicitFileType = wrapper.application; includeInIndex = 0; path = CodeBasePractice.app; sourceTree = BUILT_PRODUCTS_DIR; };
		8E8E6CF52C106078007CAB56 /* AppDelegate.swift */ = {isa = PBXFileReference; lastKnownFileType = sourcecode.swift; path = AppDelegate.swift; sourceTree = "<group>"; };
		8E8E6CF72C106078007CAB56 /* SceneDelegate.swift */ = {isa = PBXFileReference; lastKnownFileType = sourcecode.swift; path = SceneDelegate.swift; sourceTree = "<group>"; };
		8E8E6CF92C106078007CAB56 /* ViewController.swift */ = {isa = PBXFileReference; lastKnownFileType = sourcecode.swift; path = ViewController.swift; sourceTree = "<group>"; };
		8E8E6CFC2C106078007CAB56 /* Base */ = {isa = PBXFileReference; lastKnownFileType = file.storyboard; name = Base; path = Base.lproj/Main.storyboard; sourceTree = "<group>"; };
		8E8E6CFE2C10607A007CAB56 /* Assets.xcassets */ = {isa = PBXFileReference; lastKnownFileType = folder.assetcatalog; path = Assets.xcassets; sourceTree = "<group>"; };
		8E8E6D012C10607A007CAB56 /* Base */ = {isa = PBXFileReference; lastKnownFileType = file.storyboard; name = Base; path = Base.lproj/LaunchScreen.storyboard; sourceTree = "<group>"; };
		8E8E6D032C10607A007CAB56 /* Info.plist */ = {isa = PBXFileReference; lastKnownFileType = text.plist.xml; path = Info.plist; sourceTree = "<group>"; };
		8E8E6D092C1060CA007CAB56 /* .gitignore */ = {isa = PBXFileReference; lastKnownFileType = text; path = .gitignore; sourceTree = "<group>"; };
		8E8E6D0B2C1060DF007CAB56 /* SecureApi.swift */ = {isa = PBXFileReference; lastKnownFileType = sourcecode.swift; path = SecureApi.swift; sourceTree = "<group>"; };
		8E8E6D0D2C10610C007CAB56 /* LottoViewController.swift */ = {isa = PBXFileReference; lastKnownFileType = sourcecode.swift; path = LottoViewController.swift; sourceTree = "<group>"; };
		8E8E6D102C1310DC007CAB56 /* LottoView.swift */ = {isa = PBXFileReference; lastKnownFileType = sourcecode.swift; path = LottoView.swift; sourceTree = "<group>"; };
		8E8E6D122C13325B007CAB56 /* LottoModel.swift */ = {isa = PBXFileReference; lastKnownFileType = sourcecode.swift; path = LottoModel.swift; sourceTree = "<group>"; };
		8E8E6D142C1332F4007CAB56 /* LottoApiManager.swift */ = {isa = PBXFileReference; lastKnownFileType = sourcecode.swift; path = LottoApiManager.swift; sourceTree = "<group>"; };
		8E8E6D202C15C5B5007CAB56 /* MovieViewController.swift */ = {isa = PBXFileReference; lastKnownFileType = sourcecode.swift; path = MovieViewController.swift; sourceTree = "<group>"; };
		8E8E6D222C15C5BE007CAB56 /* MovieView.swift */ = {isa = PBXFileReference; lastKnownFileType = sourcecode.swift; path = MovieView.swift; sourceTree = "<group>"; };
		8E8E6D242C15C5C8007CAB56 /* MovieApiManager.swift */ = {isa = PBXFileReference; lastKnownFileType = sourcecode.swift; path = MovieApiManager.swift; sourceTree = "<group>"; };
		8E8E6D262C15C5CF007CAB56 /* MovieModel.swift */ = {isa = PBXFileReference; lastKnownFileType = sourcecode.swift; path = MovieModel.swift; sourceTree = "<group>"; };
		8E8E6D282C15EEB1007CAB56 /* MovieTableViewCell.swift */ = {isa = PBXFileReference; lastKnownFileType = sourcecode.swift; path = MovieTableViewCell.swift; sourceTree = "<group>"; };
		8E8E6D2B2C15EF43007CAB56 /* ViewIdentifier+Extension.swift */ = {isa = PBXFileReference; lastKnownFileType = sourcecode.swift; path = "ViewIdentifier+Extension.swift"; sourceTree = "<group>"; };
/* End PBXFileReference section */

/* Begin PBXFrameworksBuildPhase section */
		8E8E6CEF2C106078007CAB56 /* Frameworks */ = {
			isa = PBXFrameworksBuildPhase;
			buildActionMask = 2147483647;
			files = (
				8E8E6D1E2C1335B0007CAB56 /* Kingfisher in Frameworks */,
				8E8E6D182C13357E007CAB56 /* SnapKit in Frameworks */,
				8E8E6D1B2C13359A007CAB56 /* Alamofire in Frameworks */,
			);
			runOnlyForDeploymentPostprocessing = 0;
		};
/* End PBXFrameworksBuildPhase section */

/* Begin PBXGroup section */
		8E3111972C33071300E1BB80 /* URLSessionDelegate */ = {
			isa = PBXGroup;
			children = (
				8E3111982C33072700E1BB80 /* URLSessionDelegate.swift */,
			);
			path = URLSessionDelegate;
			sourceTree = "<group>";
		};
		8E8E6CE92C106078007CAB56 = {
			isa = PBXGroup;
			children = (
				8E8E6D092C1060CA007CAB56 /* .gitignore */,
				8E8E6CF42C106078007CAB56 /* CodeBasePractice */,
				8E8E6CF32C106078007CAB56 /* Products */,
			);
			sourceTree = "<group>";
		};
		8E8E6CF32C106078007CAB56 /* Products */ = {
			isa = PBXGroup;
			children = (
				8E8E6CF22C106078007CAB56 /* CodeBasePractice.app */,
			);
			name = Products;
			sourceTree = "<group>";
		};
		8E8E6CF42C106078007CAB56 /* CodeBasePractice */ = {
			isa = PBXGroup;
			children = (
				8E3111972C33071300E1BB80 /* URLSessionDelegate */,
				8E8E6D2A2C15EF05007CAB56 /* Extension */,
				8E8E6D1F2C15C592007CAB56 /* Movie */,
				8E8E6D0F2C1310CD007CAB56 /* Lotto */,
				8E8E6CF52C106078007CAB56 /* AppDelegate.swift */,
				8E8E6CF72C106078007CAB56 /* SceneDelegate.swift */,
				8E8E6CF92C106078007CAB56 /* ViewController.swift */,
				8E8E6CFB2C106078007CAB56 /* Main.storyboard */,
				8E8E6CFE2C10607A007CAB56 /* Assets.xcassets */,
				8E8E6D002C10607A007CAB56 /* LaunchScreen.storyboard */,
				8E8E6D032C10607A007CAB56 /* Info.plist */,
				8E8E6D0B2C1060DF007CAB56 /* SecureApi.swift */,
			);
			path = CodeBasePractice;
			sourceTree = "<group>";
		};
		8E8E6D0F2C1310CD007CAB56 /* Lotto */ = {
			isa = PBXGroup;
			children = (
				8E8E6D0D2C10610C007CAB56 /* LottoViewController.swift */,
				8E8E6D102C1310DC007CAB56 /* LottoView.swift */,
				8E8E6D122C13325B007CAB56 /* LottoModel.swift */,
				8E8E6D142C1332F4007CAB56 /* LottoApiManager.swift */,
			);
			path = Lotto;
			sourceTree = "<group>";
		};
		8E8E6D1F2C15C592007CAB56 /* Movie */ = {
			isa = PBXGroup;
			children = (
				8E8E6D202C15C5B5007CAB56 /* MovieViewController.swift */,
				8E8E6D222C15C5BE007CAB56 /* MovieView.swift */,
				8E8E6D242C15C5C8007CAB56 /* MovieApiManager.swift */,
				8E8E6D262C15C5CF007CAB56 /* MovieModel.swift */,
				8E8E6D282C15EEB1007CAB56 /* MovieTableViewCell.swift */,
			);
			path = Movie;
			sourceTree = "<group>";
		};
		8E8E6D2A2C15EF05007CAB56 /* Extension */ = {
			isa = PBXGroup;
			children = (
				8E8E6D2B2C15EF43007CAB56 /* ViewIdentifier+Extension.swift */,
			);
			path = Extension;
			sourceTree = "<group>";
		};
/* End PBXGroup section */

/* Begin PBXNativeTarget section */
		8E8E6CF12C106078007CAB56 /* CodeBasePractice */ = {
			isa = PBXNativeTarget;
			buildConfigurationList = 8E8E6D062C10607A007CAB56 /* Build configuration list for PBXNativeTarget "CodeBasePractice" */;
			buildPhases = (
				8E8E6CEE2C106078007CAB56 /* Sources */,
				8E8E6CEF2C106078007CAB56 /* Frameworks */,
				8E8E6CF02C106078007CAB56 /* Resources */,
			);
			buildRules = (
			);
			dependencies = (
			);
			name = CodeBasePractice;
			packageProductDependencies = (
				8E8E6D172C13357E007CAB56 /* SnapKit */,
				8E8E6D1A2C13359A007CAB56 /* Alamofire */,
				8E8E6D1D2C1335B0007CAB56 /* Kingfisher */,
			);
			productName = CodeBasePractice;
			productReference = 8E8E6CF22C106078007CAB56 /* CodeBasePractice.app */;
			productType = "com.apple.product-type.application";
		};
/* End PBXNativeTarget section */

/* Begin PBXProject section */
		8E8E6CEA2C106078007CAB56 /* Project object */ = {
			isa = PBXProject;
			attributes = {
				BuildIndependentTargetsInParallel = 1;
				LastSwiftUpdateCheck = 1540;
				LastUpgradeCheck = 1540;
				TargetAttributes = {
					8E8E6CF12C106078007CAB56 = {
						CreatedOnToolsVersion = 15.4;
					};
				};
			};
			buildConfigurationList = 8E8E6CED2C106078007CAB56 /* Build configuration list for PBXProject "CodeBasePractice" */;
			compatibilityVersion = "Xcode 14.0";
			developmentRegion = en;
			hasScannedForEncodings = 0;
			knownRegions = (
				en,
				Base,
			);
			mainGroup = 8E8E6CE92C106078007CAB56;
			packageReferences = (
				8E8E6D162C13357E007CAB56 /* XCRemoteSwiftPackageReference "SnapKit" */,
				8E8E6D192C13359A007CAB56 /* XCRemoteSwiftPackageReference "Alamofire" */,
				8E8E6D1C2C1335B0007CAB56 /* XCRemoteSwiftPackageReference "Kingfisher" */,
			);
			productRefGroup = 8E8E6CF32C106078007CAB56 /* Products */;
			projectDirPath = "";
			projectRoot = "";
			targets = (
				8E8E6CF12C106078007CAB56 /* CodeBasePractice */,
			);
		};
/* End PBXProject section */

/* Begin PBXResourcesBuildPhase section */
		8E8E6CF02C106078007CAB56 /* Resources */ = {
			isa = PBXResourcesBuildPhase;
			buildActionMask = 2147483647;
			files = (
				8E8E6D0A2C1060CA007CAB56 /* .gitignore in Resources */,
				8E8E6CFF2C10607A007CAB56 /* Assets.xcassets in Resources */,
				8E8E6D022C10607A007CAB56 /* Base in Resources */,
				8E8E6CFD2C106078007CAB56 /* Base in Resources */,
			);
			runOnlyForDeploymentPostprocessing = 0;
		};
/* End PBXResourcesBuildPhase section */

/* Begin PBXSourcesBuildPhase section */
		8E8E6CEE2C106078007CAB56 /* Sources */ = {
			isa = PBXSourcesBuildPhase;
			buildActionMask = 2147483647;
			files = (
				8E8E6D272C15C5CF007CAB56 /* MovieModel.swift in Sources */,
				8E8E6D132C13325B007CAB56 /* LottoModel.swift in Sources */,
				8E8E6D0E2C10610C007CAB56 /* LottoViewController.swift in Sources */,
				8E8E6CFA2C106078007CAB56 /* ViewController.swift in Sources */,
				8E8E6CF62C106078007CAB56 /* AppDelegate.swift in Sources */,
				8E8E6CF82C106078007CAB56 /* SceneDelegate.swift in Sources */,
				8E8E6D232C15C5BE007CAB56 /* MovieView.swift in Sources */,
				8E3111992C33072700E1BB80 /* URLSessionDelegate.swift in Sources */,
				8E8E6D2C2C15EF43007CAB56 /* ViewIdentifier+Extension.swift in Sources */,
				8E8E6D212C15C5B5007CAB56 /* MovieViewController.swift in Sources */,
				8E8E6D0C2C1060DF007CAB56 /* SecureApi.swift in Sources */,
				8E8E6D252C15C5C8007CAB56 /* MovieApiManager.swift in Sources */,
				8E8E6D112C1310DC007CAB56 /* LottoView.swift in Sources */,
				8E8E6D152C1332F4007CAB56 /* LottoApiManager.swift in Sources */,
				8E8E6D292C15EEB1007CAB56 /* MovieTableViewCell.swift in Sources */,
			);
			runOnlyForDeploymentPostprocessing = 0;
		};
/* End PBXSourcesBuildPhase section */

/* Begin PBXVariantGroup section */
		8E8E6CFB2C106078007CAB56 /* Main.storyboard */ = {
			isa = PBXVariantGroup;
			children = (
				8E8E6CFC2C106078007CAB56 /* Base */,
			);
			name = Main.storyboard;
			sourceTree = "<group>";
		};
		8E8E6D002C10607A007CAB56 /* LaunchScreen.storyboard */ = {
			isa = PBXVariantGroup;
			children = (
				8E8E6D012C10607A007CAB56 /* Base */,
			);
			name = LaunchScreen.storyboard;
			sourceTree = "<group>";
		};
/* End PBXVariantGroup section */

/* Begin XCBuildConfiguration section */
		8E8E6D042C10607A007CAB56 /* Debug */ = {
			isa = XCBuildConfiguration;
			buildSettings = {
				ALWAYS_SEARCH_USER_PATHS = NO;
				ASSETCATALOG_COMPILER_GENERATE_SWIFT_ASSET_SYMBOL_EXTENSIONS = YES;
				CLANG_ANALYZER_NONNULL = YES;
				CLANG_ANALYZER_NUMBER_OBJECT_CONVERSION = YES_AGGRESSIVE;
				CLANG_CXX_LANGUAGE_STANDARD = "gnu++20";
				CLANG_ENABLE_MODULES = YES;
				CLANG_ENABLE_OBJC_ARC = YES;
				CLANG_ENABLE_OBJC_WEAK = YES;
				CLANG_WARN_BLOCK_CAPTURE_AUTORELEASING = YES;
				CLANG_WARN_BOOL_CONVERSION = YES;
				CLANG_WARN_COMMA = YES;
				CLANG_WARN_CONSTANT_CONVERSION = YES;
				CLANG_WARN_DEPRECATED_OBJC_IMPLEMENTATIONS = YES;
				CLANG_WARN_DIRECT_OBJC_ISA_USAGE = YES_ERROR;
				CLANG_WARN_DOCUMENTATION_COMMENTS = YES;
				CLANG_WARN_EMPTY_BODY = YES;
				CLANG_WARN_ENUM_CONVERSION = YES;
				CLANG_WARN_INFINITE_RECURSION = YES;
				CLANG_WARN_INT_CONVERSION = YES;
				CLANG_WARN_NON_LITERAL_NULL_CONVERSION = YES;
				CLANG_WARN_OBJC_IMPLICIT_RETAIN_SELF = YES;
				CLANG_WARN_OBJC_LITERAL_CONVERSION = YES;
				CLANG_WARN_OBJC_ROOT_CLASS = YES_ERROR;
				CLANG_WARN_QUOTED_INCLUDE_IN_FRAMEWORK_HEADER = YES;
				CLANG_WARN_RANGE_LOOP_ANALYSIS = YES;
				CLANG_WARN_STRICT_PROTOTYPES = YES;
				CLANG_WARN_SUSPICIOUS_MOVE = YES;
				CLANG_WARN_UNGUARDED_AVAILABILITY = YES_AGGRESSIVE;
				CLANG_WARN_UNREACHABLE_CODE = YES;
				CLANG_WARN__DUPLICATE_METHOD_MATCH = YES;
				COPY_PHASE_STRIP = NO;
				DEBUG_INFORMATION_FORMAT = dwarf;
				ENABLE_STRICT_OBJC_MSGSEND = YES;
				ENABLE_TESTABILITY = YES;
				ENABLE_USER_SCRIPT_SANDBOXING = YES;
				GCC_C_LANGUAGE_STANDARD = gnu17;
				GCC_DYNAMIC_NO_PIC = NO;
				GCC_NO_COMMON_BLOCKS = YES;
				GCC_OPTIMIZATION_LEVEL = 0;
				GCC_PREPROCESSOR_DEFINITIONS = (
					"DEBUG=1",
					"$(inherited)",
				);
				GCC_WARN_64_TO_32_BIT_CONVERSION = YES;
				GCC_WARN_ABOUT_RETURN_TYPE = YES_ERROR;
				GCC_WARN_UNDECLARED_SELECTOR = YES;
				GCC_WARN_UNINITIALIZED_AUTOS = YES_AGGRESSIVE;
				GCC_WARN_UNUSED_FUNCTION = YES;
				GCC_WARN_UNUSED_VARIABLE = YES;
				IPHONEOS_DEPLOYMENT_TARGET = 17.5;
				LOCALIZATION_PREFERS_STRING_CATALOGS = YES;
				MTL_ENABLE_DEBUG_INFO = INCLUDE_SOURCE;
				MTL_FAST_MATH = YES;
				ONLY_ACTIVE_ARCH = YES;
				SDKROOT = iphoneos;
				SWIFT_ACTIVE_COMPILATION_CONDITIONS = "DEBUG $(inherited)";
				SWIFT_OPTIMIZATION_LEVEL = "-Onone";
			};
			name = Debug;
		};
		8E8E6D052C10607A007CAB56 /* Release */ = {
			isa = XCBuildConfiguration;
			buildSettings = {
				ALWAYS_SEARCH_USER_PATHS = NO;
				ASSETCATALOG_COMPILER_GENERATE_SWIFT_ASSET_SYMBOL_EXTENSIONS = YES;
				CLANG_ANALYZER_NONNULL = YES;
				CLANG_ANALYZER_NUMBER_OBJECT_CONVERSION = YES_AGGRESSIVE;
				CLANG_CXX_LANGUAGE_STANDARD = "gnu++20";
				CLANG_ENABLE_MODULES = YES;
				CLANG_ENABLE_OBJC_ARC = YES;
				CLANG_ENABLE_OBJC_WEAK = YES;
				CLANG_WARN_BLOCK_CAPTURE_AUTORELEASING = YES;
				CLANG_WARN_BOOL_CONVERSION = YES;
				CLANG_WARN_COMMA = YES;
				CLANG_WARN_CONSTANT_CONVERSION = YES;
				CLANG_WARN_DEPRECATED_OBJC_IMPLEMENTATIONS = YES;
				CLANG_WARN_DIRECT_OBJC_ISA_USAGE = YES_ERROR;
				CLANG_WARN_DOCUMENTATION_COMMENTS = YES;
				CLANG_WARN_EMPTY_BODY = YES;
				CLANG_WARN_ENUM_CONVERSION = YES;
				CLANG_WARN_INFINITE_RECURSION = YES;
				CLANG_WARN_INT_CONVERSION = YES;
				CLANG_WARN_NON_LITERAL_NULL_CONVERSION = YES;
				CLANG_WARN_OBJC_IMPLICIT_RETAIN_SELF = YES;
				CLANG_WARN_OBJC_LITERAL_CONVERSION = YES;
				CLANG_WARN_OBJC_ROOT_CLASS = YES_ERROR;
				CLANG_WARN_QUOTED_INCLUDE_IN_FRAMEWORK_HEADER = YES;
				CLANG_WARN_RANGE_LOOP_ANALYSIS = YES;
				CLANG_WARN_STRICT_PROTOTYPES = YES;
				CLANG_WARN_SUSPICIOUS_MOVE = YES;
				CLANG_WARN_UNGUARDED_AVAILABILITY = YES_AGGRESSIVE;
				CLANG_WARN_UNREACHABLE_CODE = YES;
				CLANG_WARN__DUPLICATE_METHOD_MATCH = YES;
				COPY_PHASE_STRIP = NO;
				DEBUG_INFORMATION_FORMAT = "dwarf-with-dsym";
				ENABLE_NS_ASSERTIONS = NO;
				ENABLE_STRICT_OBJC_MSGSEND = YES;
				ENABLE_USER_SCRIPT_SANDBOXING = YES;
				GCC_C_LANGUAGE_STANDARD = gnu17;
				GCC_NO_COMMON_BLOCKS = YES;
				GCC_WARN_64_TO_32_BIT_CONVERSION = YES;
				GCC_WARN_ABOUT_RETURN_TYPE = YES_ERROR;
				GCC_WARN_UNDECLARED_SELECTOR = YES;
				GCC_WARN_UNINITIALIZED_AUTOS = YES_AGGRESSIVE;
				GCC_WARN_UNUSED_FUNCTION = YES;
				GCC_WARN_UNUSED_VARIABLE = YES;
				IPHONEOS_DEPLOYMENT_TARGET = 17.5;
				LOCALIZATION_PREFERS_STRING_CATALOGS = YES;
				MTL_ENABLE_DEBUG_INFO = NO;
				MTL_FAST_MATH = YES;
				SDKROOT = iphoneos;
				SWIFT_COMPILATION_MODE = wholemodule;
				VALIDATE_PRODUCT = YES;
			};
			name = Release;
		};
		8E8E6D072C10607A007CAB56 /* Debug */ = {
			isa = XCBuildConfiguration;
			buildSettings = {
				ASSETCATALOG_COMPILER_APPICON_NAME = AppIcon;
				ASSETCATALOG_COMPILER_GLOBAL_ACCENT_COLOR_NAME = AccentColor;
				CODE_SIGN_STYLE = Automatic;
				CURRENT_PROJECT_VERSION = 1;
				DEVELOPMENT_TEAM = FPYJAG45SA;
				GENERATE_INFOPLIST_FILE = YES;
				INFOPLIST_FILE = CodeBasePractice/Info.plist;
				INFOPLIST_KEY_UIApplicationSupportsIndirectInputEvents = YES;
				INFOPLIST_KEY_UILaunchStoryboardName = LaunchScreen;
				INFOPLIST_KEY_UISupportedInterfaceOrientations = UIInterfaceOrientationPortrait;
				INFOPLIST_KEY_UISupportedInterfaceOrientations_iPad = "UIInterfaceOrientationLandscapeLeft UIInterfaceOrientationLandscapeRight UIInterfaceOrientationPortrait UIInterfaceOrientationPortraitUpsideDown";
				IPHONEOS_DEPLOYMENT_TARGET = 16.0;
				LD_RUNPATH_SEARCH_PATHS = (
					"$(inherited)",
					"@executable_path/Frameworks",
				);
				MARKETING_VERSION = 1.0;
				PRODUCT_BUNDLE_IDENTIFIER = com.saengle.CodeBasePractice;
				PRODUCT_NAME = "$(TARGET_NAME)";
				SUPPORTED_PLATFORMS = "iphoneos iphonesimulator";
				SUPPORTS_MACCATALYST = NO;
				SUPPORTS_MAC_DESIGNED_FOR_IPHONE_IPAD = NO;
				SUPPORTS_XR_DESIGNED_FOR_IPHONE_IPAD = NO;
				SWIFT_EMIT_LOC_STRINGS = YES;
				SWIFT_VERSION = 5.0;
				TARGETED_DEVICE_FAMILY = 1;
			};
			name = Debug;
		};
		8E8E6D082C10607A007CAB56 /* Release */ = {
			isa = XCBuildConfiguration;
			buildSettings = {
				ASSETCATALOG_COMPILER_APPICON_NAME = AppIcon;
				ASSETCATALOG_COMPILER_GLOBAL_ACCENT_COLOR_NAME = AccentColor;
				CODE_SIGN_STYLE = Automatic;
				CURRENT_PROJECT_VERSION = 1;
				DEVELOPMENT_TEAM = FPYJAG45SA;
				GENERATE_INFOPLIST_FILE = YES;
				INFOPLIST_FILE = CodeBasePractice/Info.plist;
				INFOPLIST_KEY_UIApplicationSupportsIndirectInputEvents = YES;
				INFOPLIST_KEY_UILaunchStoryboardName = LaunchScreen;
				INFOPLIST_KEY_UISupportedInterfaceOrientations = UIInterfaceOrientationPortrait;
				INFOPLIST_KEY_UISupportedInterfaceOrientations_iPad = "UIInterfaceOrientationLandscapeLeft UIInterfaceOrientationLandscapeRight UIInterfaceOrientationPortrait UIInterfaceOrientationPortraitUpsideDown";
				IPHONEOS_DEPLOYMENT_TARGET = 16.0;
				LD_RUNPATH_SEARCH_PATHS = (
					"$(inherited)",
					"@executable_path/Frameworks",
				);
				MARKETING_VERSION = 1.0;
				PRODUCT_BUNDLE_IDENTIFIER = com.saengle.CodeBasePractice;
				PRODUCT_NAME = "$(TARGET_NAME)";
				SUPPORTED_PLATFORMS = "iphoneos iphonesimulator";
				SUPPORTS_MACCATALYST = NO;
				SUPPORTS_MAC_DESIGNED_FOR_IPHONE_IPAD = NO;
				SUPPORTS_XR_DESIGNED_FOR_IPHONE_IPAD = NO;
				SWIFT_EMIT_LOC_STRINGS = YES;
				SWIFT_VERSION = 5.0;
				TARGETED_DEVICE_FAMILY = 1;
			};
			name = Release;
		};
/* End XCBuildConfiguration section */

/* Begin XCConfigurationList section */
		8E8E6CED2C106078007CAB56 /* Build configuration list for PBXProject "CodeBasePractice" */ = {
			isa = XCConfigurationList;
			buildConfigurations = (
				8E8E6D042C10607A007CAB56 /* Debug */,
				8E8E6D052C10607A007CAB56 /* Release */,
			);
			defaultConfigurationIsVisible = 0;
			defaultConfigurationName = Release;
		};
		8E8E6D062C10607A007CAB56 /* Build configuration list for PBXNativeTarget "CodeBasePractice" */ = {
			isa = XCConfigurationList;
			buildConfigurations = (
				8E8E6D072C10607A007CAB56 /* Debug */,
				8E8E6D082C10607A007CAB56 /* Release */,
			);
			defaultConfigurationIsVisible = 0;
			defaultConfigurationName = Release;
		};
/* End XCConfigurationList section */

/* Begin XCRemoteSwiftPackageReference section */
		8E8E6D162C13357E007CAB56 /* XCRemoteSwiftPackageReference "SnapKit" */ = {
			isa = XCRemoteSwiftPackageReference;
			repositoryURL = "https://github.com/SnapKit/SnapKit";
			requirement = {
				kind = upToNextMajorVersion;
				minimumVersion = 5.7.1;
			};
		};
		8E8E6D192C13359A007CAB56 /* XCRemoteSwiftPackageReference "Alamofire" */ = {
			isa = XCRemoteSwiftPackageReference;
			repositoryURL = "https://github.com/Alamofire/Alamofire";
			requirement = {
				kind = upToNextMajorVersion;
				minimumVersion = 5.9.1;
			};
		};
		8E8E6D1C2C1335B0007CAB56 /* XCRemoteSwiftPackageReference "Kingfisher" */ = {
			isa = XCRemoteSwiftPackageReference;
			repositoryURL = "https://github.com/onevcat/Kingfisher";
			requirement = {
				kind = upToNextMajorVersion;
				minimumVersion = 7.11.0;
			};
		};
/* End XCRemoteSwiftPackageReference section */

/* Begin XCSwiftPackageProductDependency section */
		8E8E6D172C13357E007CAB56 /* SnapKit */ = {
			isa = XCSwiftPackageProductDependency;
			package = 8E8E6D162C13357E007CAB56 /* XCRemoteSwiftPackageReference "SnapKit" */;
			productName = SnapKit;
		};
		8E8E6D1A2C13359A007CAB56 /* Alamofire */ = {
			isa = XCSwiftPackageProductDependency;
			package = 8E8E6D192C13359A007CAB56 /* XCRemoteSwiftPackageReference "Alamofire" */;
			productName = Alamofire;
		};
		8E8E6D1D2C1335B0007CAB56 /* Kingfisher */ = {
			isa = XCSwiftPackageProductDependency;
			package = 8E8E6D1C2C1335B0007CAB56 /* XCRemoteSwiftPackageReference "Kingfisher" */;
			productName = Kingfisher;
		};
/* End XCSwiftPackageProductDependency section */
	};
	rootObject = 8E8E6CEA2C106078007CAB56 /* Project object */;
}
